# THIS IS AN AUTOGENERATED FILE. DO NOT EDIT THIS FILE DIRECTLY.
# yarn lockfile v1


"@prisma/client@^4.5.0":
  version "4.5.0"
  resolved "https://registry.yarnpkg.com/@prisma/client/-/client-4.5.0.tgz#f708549bee3da396d5741d846b4e4306b120210c"
  integrity sha512-B2cV0OPI1smhdYUxsJoLYQLoMlLH06MUxgFUWQnHodGMX98VRVXKmQE/9OcrTNkqtke5RC+YU24Szxd04tZA2g==
  dependencies:
    "@prisma/engines-version" "4.5.0-43.0362da9eebca54d94c8ef5edd3b2e90af99ba452"

"@prisma/engines-version@4.5.0-43.0362da9eebca54d94c8ef5edd3b2e90af99ba452":
  version "4.5.0-43.0362da9eebca54d94c8ef5edd3b2e90af99ba452"
  resolved "https://registry.yarnpkg.com/@prisma/engines-version/-/engines-version-4.5.0-43.0362da9eebca54d94c8ef5edd3b2e90af99ba452.tgz#5b7fae294ee9bd9790d0e7b7a0b0912e4222ac08"
  integrity sha512-o7LyVx8PPJBLrEzLl6lpxxk2D5VnlM4Fwmrbq0NoT6pr5aa1OuHD9ZG+WJY6TlR/iD9bhmo2LNcxddCMr5Rv2A==

"@prisma/engines@4.5.0":
  version "4.5.0"
  resolved "https://registry.yarnpkg.com/@prisma/engines/-/engines-4.5.0.tgz#82df347a893a5ae2a67707d44772ba181f4b9328"
  integrity sha512-4t9ir2SbQQr/wMCNU4YpHWp5hU14J2m3wHUZnGJPpmBF8YtkisxyVyQsKd1e6FyLTaGq8LOLhm6VLYHKqKNm+g==

prisma@^4.5.0:
  version "4.5.0"
  resolved "https://registry.yarnpkg.com/prisma/-/prisma-4.5.0.tgz#361ae3f4476d0821b97645e5da42975a7c2943bb"
  integrity sha512-9Aeg4qiKlv9Wsjz4NO8k2CzRzlvS3A4FYVJ5+28sBBZ0eEwbiVOE/Jj7v6rZC1tFW2s4GSICQOAyuOjc6WsNew==
  dependencies:
    "@prisma/engines" "4.5.0"
