# THIS IS AN AUTOGENERATED FILE. DO NOT EDIT THIS FILE DIRECTLY.
# yarn lockfile v1


"@faker-js/faker@^7.6.0":
  version "7.6.0"
  resolved "https://registry.yarnpkg.com/@faker-js/faker/-/faker-7.6.0.tgz#9ea331766084288634a9247fcd8b84f16ff4ba07"
  integrity sha512-XK6BTq1NDMo9Xqw/YkYyGjSsg44fbNwYRx7QK2CuoQgyy+f1rrTDHoExVM5PsyXCtfl2vs2vVJ0MN0yN6LppRw==

"@fast-csv/format@^4.3.5":
  version "4.3.5"
  resolved "https://registry.yarnpkg.com/@fast-csv/format/-/format-4.3.5.tgz#90d83d1b47b6aaf67be70d6118f84f3e12ee1ff3"
  integrity sha512-8iRn6QF3I8Ak78lNAa+Gdl5MJJBM5vRHivFtMRUWINdevNo00K7OXxS2PshawLKTejVwieIlPmK5YlLu6w4u8A==
  dependencies:
    "@types/node" "^14.0.1"
    lodash.escaperegexp "^4.1.2"
    lodash.isboolean "^3.0.3"
    lodash.isequal "^4.5.0"
    lodash.isfunction "^3.0.9"
    lodash.isnil "^4.0.0"

"@prisma/client@^4.5.0":
  version "4.5.0"
  resolved "https://registry.yarnpkg.com/@prisma/client/-/client-4.5.0.tgz#f708549bee3da396d5741d846b4e4306b120210c"
  integrity sha512-B2cV0OPI1smhdYUxsJoLYQLoMlLH06MUxgFUWQnHodGMX98VRVXKmQE/9OcrTNkqtke5RC+YU24Szxd04tZA2g==
  dependencies:
    "@prisma/engines-version" "4.5.0-43.0362da9eebca54d94c8ef5edd3b2e90af99ba452"

"@prisma/engines-version@4.5.0-43.0362da9eebca54d94c8ef5edd3b2e90af99ba452":
  version "4.5.0-43.0362da9eebca54d94c8ef5edd3b2e90af99ba452"
  resolved "https://registry.yarnpkg.com/@prisma/engines-version/-/engines-version-4.5.0-43.0362da9eebca54d94c8ef5edd3b2e90af99ba452.tgz#5b7fae294ee9bd9790d0e7b7a0b0912e4222ac08"
  integrity sha512-o7LyVx8PPJBLrEzLl6lpxxk2D5VnlM4Fwmrbq0NoT6pr5aa1OuHD9ZG+WJY6TlR/iD9bhmo2LNcxddCMr5Rv2A==

"@prisma/engines@4.5.0":
  version "4.5.0"
  resolved "https://registry.yarnpkg.com/@prisma/engines/-/engines-4.5.0.tgz#82df347a893a5ae2a67707d44772ba181f4b9328"
  integrity sha512-4t9ir2SbQQr/wMCNU4YpHWp5hU14J2m3wHUZnGJPpmBF8YtkisxyVyQsKd1e6FyLTaGq8LOLhm6VLYHKqKNm+g==

"@types/node@^14.0.1":
  version "14.18.33"
  resolved "https://registry.yarnpkg.com/@types/node/-/node-14.18.33.tgz#8c29a0036771569662e4635790ffa9e057db379b"
  integrity sha512-qelS/Ra6sacc4loe/3MSjXNL1dNQ/GjxNHVzuChwMfmk7HuycRLVQN2qNY3XahK+fZc5E2szqQSKUyAF0E+2bg==

lodash-es@^4.17.21:
  version "4.17.21"
  resolved "https://registry.yarnpkg.com/lodash-es/-/lodash-es-4.17.21.tgz#43e626c46e6591b7750beb2b50117390c609e3ee"
  integrity sha512-mKnC+QJ9pWVzv+C4/U3rRsHapFfHvQFoFB92e52xeyGMcX6/OlIl78je1u8vePzYZSkkogMPJ2yjxxsb89cxyw==

lodash.escaperegexp@^4.1.2:
  version "4.1.2"
  resolved "https://registry.yarnpkg.com/lodash.escaperegexp/-/lodash.escaperegexp-4.1.2.tgz#64762c48618082518ac3df4ccf5d5886dae20347"
  integrity sha512-TM9YBvyC84ZxE3rgfefxUWiQKLilstD6k7PTGt6wfbtXF8ixIJLOL3VYyV/z+ZiPLsVxAsKAFVwWlWeb2Y8Yyw==

lodash.isboolean@^3.0.3:
  version "3.0.3"
  resolved "https://registry.yarnpkg.com/lodash.isboolean/-/lodash.isboolean-3.0.3.tgz#6c2e171db2a257cd96802fd43b01b20d5f5870f6"
  integrity sha512-Bz5mupy2SVbPHURB98VAcw+aHh4vRV5IPNhILUCsOzRmsTmSQ17jIuqopAentWoehktxGd9e/hbIXq980/1QJg==

lodash.isequal@^4.5.0:
  version "4.5.0"
  resolved "https://registry.yarnpkg.com/lodash.isequal/-/lodash.isequal-4.5.0.tgz#415c4478f2bcc30120c22ce10ed3226f7d3e18e0"
  integrity sha512-pDo3lu8Jhfjqls6GkMgpahsF9kCyayhgykjyLMNFTKWrpVdAQtYyB4muAMWozBB4ig/dtWAmsMxLEI8wuz+DYQ==

lodash.isfunction@^3.0.9:
  version "3.0.9"
  resolved "https://registry.yarnpkg.com/lodash.isfunction/-/lodash.isfunction-3.0.9.tgz#06de25df4db327ac931981d1bdb067e5af68d051"
  integrity sha512-AirXNj15uRIMMPihnkInB4i3NHeb4iBtNg9WRWuK2o31S+ePwwNmDPaTL3o7dTJ+VXNZim7rFs4rxN4YU1oUJw==

lodash.isnil@^4.0.0:
  version "4.0.0"
  resolved "https://registry.yarnpkg.com/lodash.isnil/-/lodash.isnil-4.0.0.tgz#49e28cd559013458c814c5479d3c663a21bfaa6c"
  integrity sha512-up2Mzq3545mwVnMhTDMdfoG1OurpA/s5t88JmQX809eH3C8491iu2sfKhTfhQtKY78oPNhiaHJUpT/dUDAAtng==

prisma@^4.5.0:
  version "4.5.0"
  resolved "https://registry.yarnpkg.com/prisma/-/prisma-4.5.0.tgz#361ae3f4476d0821b97645e5da42975a7c2943bb"
  integrity sha512-9Aeg4qiKlv9Wsjz4NO8k2CzRzlvS3A4FYVJ5+28sBBZ0eEwbiVOE/Jj7v6rZC1tFW2s4GSICQOAyuOjc6WsNew==
  dependencies:
    "@prisma/engines" "4.5.0"
